// !$*UTF8*$!
{
	archiveVersion = 1;
	classes = {
	};
	objectVersion = 46;
	objects = {

/* Begin PBXBuildFile section */
		B21907F71D788CCF00DF3A5C /* VideoViewController.m in Sources */ = {isa = PBXBuildFile; fileRef = B21907F61D788CCF00DF3A5C /* VideoViewController.m */; };
		B229CF2C1DA473F900C0BD31 /* AdColonyAdapter.m in Sources */ = {isa = PBXBuildFile; fileRef = B229CEBD1DA473F800C0BD31 /* AdColonyAdapter.m */; };
		B229CF2D1DA473F900C0BD31 /* AdColony.framework in Frameworks */ = {isa = PBXBuildFile; fileRef = B229CEBF1DA473F800C0BD31 /* AdColony.framework */; };
		B229CF2E1DA473F900C0BD31 /* AdGenerationAdapter.m in Sources */ = {isa = PBXBuildFile; fileRef = B229CEC21DA473F900C0BD31 /* AdGenerationAdapter.m */; };
		B229CF2F1DA473F900C0BD31 /* ADG.framework in Frameworks */ = {isa = PBXBuildFile; fileRef = B229CEC41DA473F900C0BD31 /* ADG.framework */; };
		B229CF301DA473F900C0BD31 /* AdMobAdapter.m in Sources */ = {isa = PBXBuildFile; fileRef = B229CEC71DA473F900C0BD31 /* AdMobAdapter.m */; };
		B229CF311DA473F900C0BD31 /* GoogleMobileAds.framework in Frameworks */ = {isa = PBXBuildFile; fileRef = B229CEC91DA473F900C0BD31 /* GoogleMobileAds.framework */; };
		B229CF321DA473F900C0BD31 /* AMoAdAdapter.m in Sources */ = {isa = PBXBuildFile; fileRef = B229CECC1DA473F900C0BD31 /* AMoAdAdapter.m */; };
		B229CF331DA473F900C0BD31 /* amoad_close_btn.png in Resources */ = {isa = PBXBuildFile; fileRef = B229CECF1DA473F900C0BD31 /* amoad_close_btn.png */; };
		B229CF341DA473F900C0BD31 /* amoad_close_btn_h.png in Resources */ = {isa = PBXBuildFile; fileRef = B229CED01DA473F900C0BD31 /* amoad_close_btn_h.png */; };
		B229CF351DA473F900C0BD31 /* amoad_link_btn.png in Resources */ = {isa = PBXBuildFile; fileRef = B229CED11DA473F900C0BD31 /* amoad_link_btn.png */; };
		B229CF361DA473F900C0BD31 /* amoad_link_btn_h.png in Resources */ = {isa = PBXBuildFile; fileRef = B229CED21DA473F900C0BD31 /* amoad_link_btn_h.png */; };
		B229CF371DA473F900C0BD31 /* amoad_panel.png in Resources */ = {isa = PBXBuildFile; fileRef = B229CED31DA473F900C0BD31 /* amoad_panel.png */; };
		B229CF381DA473F900C0BD31 /* amoad_panel_l.png in Resources */ = {isa = PBXBuildFile; fileRef = B229CED41DA473F900C0BD31 /* amoad_panel_l.png */; };
		B229CF391DA473F900C0BD31 /* libAMoAd.a in Frameworks */ = {isa = PBXBuildFile; fileRef = B229CEDF1DA473F900C0BD31 /* libAMoAd.a */; };
		B229CF3A1DA473F900C0BD31 /* AppLovinAdapter.m in Sources */ = {isa = PBXBuildFile; fileRef = B229CEE21DA473F900C0BD31 /* AppLovinAdapter.m */; };
		B229CF3B1DA473F900C0BD31 /* libAppLovinSdk.a in Frameworks */ = {isa = PBXBuildFile; fileRef = B229CEFF1DA473F900C0BD31 /* libAppLovinSdk.a */; };
		B229CF3C1DA473F900C0BD31 /* FacebookAdapter.m in Sources */ = {isa = PBXBuildFile; fileRef = B229CF021DA473F900C0BD31 /* FacebookAdapter.m */; };
		B229CF3D1DA473F900C0BD31 /* FBAudienceNetwork.framework in Frameworks */ = {isa = PBXBuildFile; fileRef = B229CF041DA473F900C0BD31 /* FBAudienceNetwork.framework */; };
		B229CF3E1DA473F900C0BD31 /* FiveAdapter.m in Sources */ = {isa = PBXBuildFile; fileRef = B229CF071DA473F900C0BD31 /* FiveAdapter.m */; };
		B229CF3F1DA473F900C0BD31 /* FiveAd.framework in Frameworks */ = {isa = PBXBuildFile; fileRef = B229CF091DA473F900C0BD31 /* FiveAd.framework */; };
		B229CF401DA473F900C0BD31 /* IMobileAdapter.m in Sources */ = {isa = PBXBuildFile; fileRef = B229CF0C1DA473F900C0BD31 /* IMobileAdapter.m */; };
		B229CF411DA473F900C0BD31 /* ImobileSdkAds.framework in Frameworks */ = {isa = PBXBuildFile; fileRef = B229CF0E1DA473F900C0BD31 /* ImobileSdkAds.framework */; };
		B229CF421DA473F900C0BD31 /* Maio.framework in Frameworks */ = {isa = PBXBuildFile; fileRef = B229CF111DA473F900C0BD31 /* Maio.framework */; };
		B229CF431DA473F900C0BD31 /* MaioAdapter.m in Sources */ = {isa = PBXBuildFile; fileRef = B229CF131DA473F900C0BD31 /* MaioAdapter.m */; };
		B229CF461DA473F900C0BD31 /* NendAdapter.m in Sources */ = {isa = PBXBuildFile; fileRef = B229CF261DA473F900C0BD31 /* NendAdapter.m */; };
		B229CF471DA473F900C0BD31 /* UnityAds.framework in Frameworks */ = {isa = PBXBuildFile; fileRef = B229CF291DA473F900C0BD31 /* UnityAds.framework */; };
		B229CF481DA473F900C0BD31 /* UnityAdsAdapter.m in Sources */ = {isa = PBXBuildFile; fileRef = B229CF2B1DA473F900C0BD31 /* UnityAdsAdapter.m */; };
		B22D7EA51D72785B00F19E56 /* main.m in Sources */ = {isa = PBXBuildFile; fileRef = B22D7EA41D72785B00F19E56 /* main.m */; };
		B22D7EA81D72785B00F19E56 /* AppDelegate.m in Sources */ = {isa = PBXBuildFile; fileRef = B22D7EA71D72785B00F19E56 /* AppDelegate.m */; };
		B22D7EB11D72785B00F19E56 /* Main.storyboard in Resources */ = {isa = PBXBuildFile; fileRef = B22D7EAF1D72785B00F19E56 /* Main.storyboard */; };
		B22D7EB31D72785B00F19E56 /* Assets.xcassets in Resources */ = {isa = PBXBuildFile; fileRef = B22D7EB21D72785B00F19E56 /* Assets.xcassets */; };
		B22D7EB61D72785B00F19E56 /* LaunchScreen.storyboard in Resources */ = {isa = PBXBuildFile; fileRef = B22D7EB41D72785B00F19E56 /* LaunchScreen.storyboard */; };
		B22D7EC41D7278D500F19E56 /* adswitcher.json in Resources */ = {isa = PBXBuildFile; fileRef = B22D7EBD1D7278D500F19E56 /* adswitcher.json */; };
		B22D7EC51D7278D500F19E56 /* BannerViewController.m in Sources */ = {isa = PBXBuildFile; fileRef = B22D7EBF1D7278D500F19E56 /* BannerViewController.m */; };
		B22D7EC61D7278D500F19E56 /* InterstitialViewController.m in Sources */ = {isa = PBXBuildFile; fileRef = B22D7EC11D7278D500F19E56 /* InterstitialViewController.m */; };
		B22D7EE01D72797D00F19E56 /* AdSwitcherConfig.m in Sources */ = {isa = PBXBuildFile; fileRef = B22D7ED51D72797D00F19E56 /* AdSwitcherConfig.m */; };
		B22D7EE11D72797D00F19E56 /* AdSwitcherConfigLoader.m in Sources */ = {isa = PBXBuildFile; fileRef = B22D7ED71D72797D00F19E56 /* AdSwitcherConfigLoader.m */; };
		B22D7EE31D72797D00F19E56 /* AdSwitcherInterstitial.m in Sources */ = {isa = PBXBuildFile; fileRef = B22D7EDA1D72797D00F19E56 /* AdSwitcherInterstitial.m */; };
		B22D7F661D73059500F19E56 /* AdSwitcherBannerView.m in Sources */ = {isa = PBXBuildFile; fileRef = B22D7F651D73059500F19E56 /* AdSwitcherBannerView.m */; };
		B22D7F6D1D731C0B00F19E56 /* AdSelector.m in Sources */ = {isa = PBXBuildFile; fileRef = B22D7F6C1D731C0B00F19E56 /* AdSelector.m */; };
		B29555431DB84A2600FACF3D /* AdSwitcherNativeAdData.m in Sources */ = {isa = PBXBuildFile; fileRef = B29555421DB84A2600FACF3D /* AdSwitcherNativeAdData.m */; };
		B29555461DB84EEB00FACF3D /* NativeViewController.m in Sources */ = {isa = PBXBuildFile; fileRef = B29555451DB84EEB00FACF3D /* NativeViewController.m */; };
		B2E53E121DB7B3870077850F /* AdSwitcherNativeAd.m in Sources */ = {isa = PBXBuildFile; fileRef = B2E53E111DB7B3870077850F /* AdSwitcherNativeAd.m */; };
		B2E53E231DB7B58F0077850F /* libNendAd.a in Frameworks */ = {isa = PBXBuildFile; fileRef = B2E53E151DB7B58F0077850F /* libNendAd.a */; };
		B2E53E241DB7B58F0077850F /* NADView_readme.txt in Resources */ = {isa = PBXBuildFile; fileRef = B2E53E211DB7B58F0077850F /* NADView_readme.txt */; };
		B2E53E271DB7BA3F0077850F /* libz.1.2.8.tbd in Frameworks */ = {isa = PBXBuildFile; fileRef = B2E53E261DB7BA3F0077850F /* libz.1.2.8.tbd */; };
/* End PBXBuildFile section */

/* Begin PBXFileReference section */
		B21907F51D788CCF00DF3A5C /* VideoViewController.h */ = {isa = PBXFileReference; fileEncoding = 4; lastKnownFileType = sourcecode.c.h; path = VideoViewController.h; sourceTree = "<group>"; };
		B21907F61D788CCF00DF3A5C /* VideoViewController.m */ = {isa = PBXFileReference; fileEncoding = 4; lastKnownFileType = sourcecode.c.objc; path = VideoViewController.m; sourceTree = "<group>"; };
		B229CEBC1DA473F800C0BD31 /* AdColonyAdapter.h */ = {isa = PBXFileReference; fileEncoding = 4; lastKnownFileType = sourcecode.c.h; path = AdColonyAdapter.h; sourceTree = "<group>"; };
		B229CEBD1DA473F800C0BD31 /* AdColonyAdapter.m */ = {isa = PBXFileReference; fileEncoding = 4; lastKnownFileType = sourcecode.c.objc; path = AdColonyAdapter.m; sourceTree = "<group>"; };
		B229CEBF1DA473F800C0BD31 /* AdColony.framework */ = {isa = PBXFileReference; lastKnownFileType = wrapper.framework; path = AdColony.framework; sourceTree = "<group>"; };
		B229CEC11DA473F900C0BD31 /* AdGenerationAdapter.h */ = {isa = PBXFileReference; fileEncoding = 4; lastKnownFileType = sourcecode.c.h; path = AdGenerationAdapter.h; sourceTree = "<group>"; };
		B229CEC21DA473F900C0BD31 /* AdGenerationAdapter.m */ = {isa = PBXFileReference; fileEncoding = 4; lastKnownFileType = sourcecode.c.objc; path = AdGenerationAdapter.m; sourceTree = "<group>"; };
		B229CEC41DA473F900C0BD31 /* ADG.framework */ = {isa = PBXFileReference; lastKnownFileType = wrapper.framework; path = ADG.framework; sourceTree = "<group>"; };
		B229CEC61DA473F900C0BD31 /* AdMobAdapter.h */ = {isa = PBXFileReference; fileEncoding = 4; lastKnownFileType = sourcecode.c.h; path = AdMobAdapter.h; sourceTree = "<group>"; };
		B229CEC71DA473F900C0BD31 /* AdMobAdapter.m */ = {isa = PBXFileReference; fileEncoding = 4; lastKnownFileType = sourcecode.c.objc; path = AdMobAdapter.m; sourceTree = "<group>"; };
		B229CEC91DA473F900C0BD31 /* GoogleMobileAds.framework */ = {isa = PBXFileReference; lastKnownFileType = wrapper.framework; path = GoogleMobileAds.framework; sourceTree = "<group>"; };
		B229CECB1DA473F900C0BD31 /* AMoAdAdapter.h */ = {isa = PBXFileReference; fileEncoding = 4; lastKnownFileType = sourcecode.c.h; path = AMoAdAdapter.h; sourceTree = "<group>"; };
		B229CECC1DA473F900C0BD31 /* AMoAdAdapter.m */ = {isa = PBXFileReference; fileEncoding = 4; lastKnownFileType = sourcecode.c.objc; path = AMoAdAdapter.m; sourceTree = "<group>"; };
		B229CECE1DA473F900C0BD31 /* AMoAd.h */ = {isa = PBXFileReference; fileEncoding = 4; lastKnownFileType = sourcecode.c.h; path = AMoAd.h; sourceTree = "<group>"; };
		B229CECF1DA473F900C0BD31 /* amoad_close_btn.png */ = {isa = PBXFileReference; lastKnownFileType = image.png; path = amoad_close_btn.png; sourceTree = "<group>"; };
		B229CED01DA473F900C0BD31 /* amoad_close_btn_h.png */ = {isa = PBXFileReference; lastKnownFileType = image.png; path = amoad_close_btn_h.png; sourceTree = "<group>"; };
		B229CED11DA473F900C0BD31 /* amoad_link_btn.png */ = {isa = PBXFileReference; lastKnownFileType = image.png; path = amoad_link_btn.png; sourceTree = "<group>"; };
		B229CED21DA473F900C0BD31 /* amoad_link_btn_h.png */ = {isa = PBXFileReference; lastKnownFileType = image.png; path = amoad_link_btn_h.png; sourceTree = "<group>"; };
		B229CED31DA473F900C0BD31 /* amoad_panel.png */ = {isa = PBXFileReference; lastKnownFileType = image.png; path = amoad_panel.png; sourceTree = "<group>"; };
		B229CED41DA473F900C0BD31 /* amoad_panel_l.png */ = {isa = PBXFileReference; lastKnownFileType = image.png; path = amoad_panel_l.png; sourceTree = "<group>"; };
		B229CED51DA473F900C0BD31 /* AMoAdAnalytics.h */ = {isa = PBXFileReference; fileEncoding = 4; lastKnownFileType = sourcecode.c.h; path = AMoAdAnalytics.h; sourceTree = "<group>"; };
		B229CED61DA473F900C0BD31 /* AMoAdInfeed.h */ = {isa = PBXFileReference; fileEncoding = 4; lastKnownFileType = sourcecode.c.h; path = AMoAdInfeed.h; sourceTree = "<group>"; };
		B229CED71DA473F900C0BD31 /* AMoAdInterstitial.h */ = {isa = PBXFileReference; fileEncoding = 4; lastKnownFileType = sourcecode.c.h; path = AMoAdInterstitial.h; sourceTree = "<group>"; };
		B229CED81DA473F900C0BD31 /* AMoAdItem.h */ = {isa = PBXFileReference; fileEncoding = 4; lastKnownFileType = sourcecode.c.h; path = AMoAdItem.h; sourceTree = "<group>"; };
		B229CED91DA473F900C0BD31 /* AMoAdList.h */ = {isa = PBXFileReference; fileEncoding = 4; lastKnownFileType = sourcecode.c.h; path = AMoAdList.h; sourceTree = "<group>"; };
		B229CEDA1DA473F900C0BD31 /* AMoAdLogger.h */ = {isa = PBXFileReference; fileEncoding = 4; lastKnownFileType = sourcecode.c.h; path = AMoAdLogger.h; sourceTree = "<group>"; };
		B229CEDB1DA473F900C0BD31 /* AMoAdNativePreRoll.h */ = {isa = PBXFileReference; fileEncoding = 4; lastKnownFileType = sourcecode.c.h; path = AMoAdNativePreRoll.h; sourceTree = "<group>"; };
		B229CEDC1DA473F900C0BD31 /* AMoAdNativeView.h */ = {isa = PBXFileReference; fileEncoding = 4; lastKnownFileType = sourcecode.c.h; path = AMoAdNativeView.h; sourceTree = "<group>"; };
		B229CEDD1DA473F900C0BD31 /* AMoAdView.h */ = {isa = PBXFileReference; fileEncoding = 4; lastKnownFileType = sourcecode.c.h; path = AMoAdView.h; sourceTree = "<group>"; };
		B229CEDE1DA473F900C0BD31 /* AMoAdWeb.h */ = {isa = PBXFileReference; fileEncoding = 4; lastKnownFileType = sourcecode.c.h; path = AMoAdWeb.h; sourceTree = "<group>"; };
		B229CEDF1DA473F900C0BD31 /* libAMoAd.a */ = {isa = PBXFileReference; lastKnownFileType = archive.ar; path = libAMoAd.a; sourceTree = "<group>"; };
		B229CEE11DA473F900C0BD31 /* AppLovinAdapter.h */ = {isa = PBXFileReference; fileEncoding = 4; lastKnownFileType = sourcecode.c.h; path = AppLovinAdapter.h; sourceTree = "<group>"; };
		B229CEE21DA473F900C0BD31 /* AppLovinAdapter.m */ = {isa = PBXFileReference; fileEncoding = 4; lastKnownFileType = sourcecode.c.objc; path = AppLovinAdapter.m; sourceTree = "<group>"; };
		B229CEE51DA473F900C0BD31 /* ALAd.h */ = {isa = PBXFileReference; fileEncoding = 4; lastKnownFileType = sourcecode.c.h; path = ALAd.h; sourceTree = "<group>"; };
		B229CEE61DA473F900C0BD31 /* ALAdDisplayDelegate.h */ = {isa = PBXFileReference; fileEncoding = 4; lastKnownFileType = sourcecode.c.h; path = ALAdDisplayDelegate.h; sourceTree = "<group>"; };
		B229CEE71DA473F900C0BD31 /* ALAdLoadDelegate.h */ = {isa = PBXFileReference; fileEncoding = 4; lastKnownFileType = sourcecode.c.h; path = ALAdLoadDelegate.h; sourceTree = "<group>"; };
		B229CEE81DA473F900C0BD31 /* ALAdRewardDelegate.h */ = {isa = PBXFileReference; fileEncoding = 4; lastKnownFileType = sourcecode.c.h; path = ALAdRewardDelegate.h; sourceTree = "<group>"; };
		B229CEE91DA473F900C0BD31 /* ALAdService.h */ = {isa = PBXFileReference; fileEncoding = 4; lastKnownFileType = sourcecode.c.h; path = ALAdService.h; sourceTree = "<group>"; };
		B229CEEA1DA473F900C0BD31 /* ALAdSize.h */ = {isa = PBXFileReference; fileEncoding = 4; lastKnownFileType = sourcecode.c.h; path = ALAdSize.h; sourceTree = "<group>"; };
		B229CEEB1DA473F900C0BD31 /* ALAdType.h */ = {isa = PBXFileReference; fileEncoding = 4; lastKnownFileType = sourcecode.c.h; path = ALAdType.h; sourceTree = "<group>"; };
		B229CEEC1DA473F900C0BD31 /* ALAdUpdateDelegate.h */ = {isa = PBXFileReference; fileEncoding = 4; lastKnownFileType = sourcecode.c.h; path = ALAdUpdateDelegate.h; sourceTree = "<group>"; };
		B229CEED1DA473F900C0BD31 /* ALAdVideoPlaybackDelegate.h */ = {isa = PBXFileReference; fileEncoding = 4; lastKnownFileType = sourcecode.c.h; path = ALAdVideoPlaybackDelegate.h; sourceTree = "<group>"; };
		B229CEEE1DA473F900C0BD31 /* ALAdView.h */ = {isa = PBXFileReference; fileEncoding = 4; lastKnownFileType = sourcecode.c.h; path = ALAdView.h; sourceTree = "<group>"; };
		B229CEEF1DA473F900C0BD31 /* ALAnnotations.h */ = {isa = PBXFileReference; fileEncoding = 4; lastKnownFileType = sourcecode.c.h; path = ALAnnotations.h; sourceTree = "<group>"; };
		B229CEF01DA473F900C0BD31 /* ALErrorCodes.h */ = {isa = PBXFileReference; fileEncoding = 4; lastKnownFileType = sourcecode.c.h; path = ALErrorCodes.h; sourceTree = "<group>"; };
		B229CEF11DA473F900C0BD31 /* ALEventService.h */ = {isa = PBXFileReference; fileEncoding = 4; lastKnownFileType = sourcecode.c.h; path = ALEventService.h; sourceTree = "<group>"; };
		B229CEF21DA473F900C0BD31 /* ALEventTypes.h */ = {isa = PBXFileReference; fileEncoding = 4; lastKnownFileType = sourcecode.c.h; path = ALEventTypes.h; sourceTree = "<group>"; };
		B229CEF31DA473F900C0BD31 /* ALIncentivizedInterstitialAd.h */ = {isa = PBXFileReference; fileEncoding = 4; lastKnownFileType = sourcecode.c.h; path = ALIncentivizedInterstitialAd.h; sourceTree = "<group>"; };
		B229CEF41DA473F900C0BD31 /* ALInterstitialAd.h */ = {isa = PBXFileReference; fileEncoding = 4; lastKnownFileType = sourcecode.c.h; path = ALInterstitialAd.h; sourceTree = "<group>"; };
		B229CEF51DA473F900C0BD31 /* ALNativeAd.h */ = {isa = PBXFileReference; fileEncoding = 4; lastKnownFileType = sourcecode.c.h; path = ALNativeAd.h; sourceTree = "<group>"; };
		B229CEF61DA473F900C0BD31 /* ALNativeAdLoadDelegate.h */ = {isa = PBXFileReference; fileEncoding = 4; lastKnownFileType = sourcecode.c.h; path = ALNativeAdLoadDelegate.h; sourceTree = "<group>"; };
		B229CEF71DA473F900C0BD31 /* ALNativeAdPrecacheDelegate.h */ = {isa = PBXFileReference; fileEncoding = 4; lastKnownFileType = sourcecode.c.h; path = ALNativeAdPrecacheDelegate.h; sourceTree = "<group>"; };
		B229CEF81DA473F900C0BD31 /* ALNativeAdService.h */ = {isa = PBXFileReference; fileEncoding = 4; lastKnownFileType = sourcecode.c.h; path = ALNativeAdService.h; sourceTree = "<group>"; };
		B229CEF91DA473F900C0BD31 /* ALPostbackDelegate.h */ = {isa = PBXFileReference; fileEncoding = 4; lastKnownFileType = sourcecode.c.h; path = ALPostbackDelegate.h; sourceTree = "<group>"; };
		B229CEFA1DA473F900C0BD31 /* ALPostbackService.h */ = {isa = PBXFileReference; fileEncoding = 4; lastKnownFileType = sourcecode.c.h; path = ALPostbackService.h; sourceTree = "<group>"; };
		B229CEFB1DA473F900C0BD31 /* ALSdk.h */ = {isa = PBXFileReference; fileEncoding = 4; lastKnownFileType = sourcecode.c.h; path = ALSdk.h; sourceTree = "<group>"; };
		B229CEFC1DA473F900C0BD31 /* ALSdkSettings.h */ = {isa = PBXFileReference; fileEncoding = 4; lastKnownFileType = sourcecode.c.h; path = ALSdkSettings.h; sourceTree = "<group>"; };
		B229CEFD1DA473F900C0BD31 /* ALSwiftHeaders.h */ = {isa = PBXFileReference; fileEncoding = 4; lastKnownFileType = sourcecode.c.h; path = ALSwiftHeaders.h; sourceTree = "<group>"; };
		B229CEFE1DA473F900C0BD31 /* ALTargetingData.h */ = {isa = PBXFileReference; fileEncoding = 4; lastKnownFileType = sourcecode.c.h; path = ALTargetingData.h; sourceTree = "<group>"; };
		B229CEFF1DA473F900C0BD31 /* libAppLovinSdk.a */ = {isa = PBXFileReference; lastKnownFileType = archive.ar; path = libAppLovinSdk.a; sourceTree = "<group>"; };
		B229CF011DA473F900C0BD31 /* FacebookAdapter.h */ = {isa = PBXFileReference; fileEncoding = 4; lastKnownFileType = sourcecode.c.h; path = FacebookAdapter.h; sourceTree = "<group>"; };
		B229CF021DA473F900C0BD31 /* FacebookAdapter.m */ = {isa = PBXFileReference; fileEncoding = 4; lastKnownFileType = sourcecode.c.objc; path = FacebookAdapter.m; sourceTree = "<group>"; };
		B229CF041DA473F900C0BD31 /* FBAudienceNetwork.framework */ = {isa = PBXFileReference; lastKnownFileType = wrapper.framework; path = FBAudienceNetwork.framework; sourceTree = "<group>"; };
		B229CF061DA473F900C0BD31 /* FiveAdapter.h */ = {isa = PBXFileReference; fileEncoding = 4; lastKnownFileType = sourcecode.c.h; path = FiveAdapter.h; sourceTree = "<group>"; };
		B229CF071DA473F900C0BD31 /* FiveAdapter.m */ = {isa = PBXFileReference; fileEncoding = 4; lastKnownFileType = sourcecode.c.objc; path = FiveAdapter.m; sourceTree = "<group>"; };
		B229CF091DA473F900C0BD31 /* FiveAd.framework */ = {isa = PBXFileReference; lastKnownFileType = wrapper.framework; path = FiveAd.framework; sourceTree = "<group>"; };
		B229CF0B1DA473F900C0BD31 /* IMobileAdapter.h */ = {isa = PBXFileReference; fileEncoding = 4; lastKnownFileType = sourcecode.c.h; path = IMobileAdapter.h; sourceTree = "<group>"; };
		B229CF0C1DA473F900C0BD31 /* IMobileAdapter.m */ = {isa = PBXFileReference; fileEncoding = 4; lastKnownFileType = sourcecode.c.objc; path = IMobileAdapter.m; sourceTree = "<group>"; };
		B229CF0E1DA473F900C0BD31 /* ImobileSdkAds.framework */ = {isa = PBXFileReference; lastKnownFileType = wrapper.framework; path = ImobileSdkAds.framework; sourceTree = "<group>"; };
		B229CF111DA473F900C0BD31 /* Maio.framework */ = {isa = PBXFileReference; lastKnownFileType = wrapper.framework; path = Maio.framework; sourceTree = "<group>"; };
		B229CF121DA473F900C0BD31 /* MaioAdapter.h */ = {isa = PBXFileReference; fileEncoding = 4; lastKnownFileType = sourcecode.c.h; path = MaioAdapter.h; sourceTree = "<group>"; };
		B229CF131DA473F900C0BD31 /* MaioAdapter.m */ = {isa = PBXFileReference; fileEncoding = 4; lastKnownFileType = sourcecode.c.objc; path = MaioAdapter.m; sourceTree = "<group>"; };
		B229CF251DA473F900C0BD31 /* NendAdapter.h */ = {isa = PBXFileReference; fileEncoding = 4; lastKnownFileType = sourcecode.c.h; path = NendAdapter.h; sourceTree = "<group>"; };
		B229CF261DA473F900C0BD31 /* NendAdapter.m */ = {isa = PBXFileReference; fileEncoding = 4; lastKnownFileType = sourcecode.c.objc; path = NendAdapter.m; sourceTree = "<group>"; };
		B229CF291DA473F900C0BD31 /* UnityAds.framework */ = {isa = PBXFileReference; lastKnownFileType = wrapper.framework; path = UnityAds.framework; sourceTree = "<group>"; };
		B229CF2A1DA473F900C0BD31 /* UnityAdsAdapter.h */ = {isa = PBXFileReference; fileEncoding = 4; lastKnownFileType = sourcecode.c.h; path = UnityAdsAdapter.h; sourceTree = "<group>"; };
		B229CF2B1DA473F900C0BD31 /* UnityAdsAdapter.m */ = {isa = PBXFileReference; fileEncoding = 4; lastKnownFileType = sourcecode.c.objc; path = UnityAdsAdapter.m; sourceTree = "<group>"; };
		B22D7EA01D72785B00F19E56 /* AdSwitcher.app */ = {isa = PBXFileReference; explicitFileType = wrapper.application; includeInIndex = 0; path = AdSwitcher.app; sourceTree = BUILT_PRODUCTS_DIR; };
		B22D7EA41D72785B00F19E56 /* main.m */ = {isa = PBXFileReference; lastKnownFileType = sourcecode.c.objc; path = main.m; sourceTree = "<group>"; };
		B22D7EA61D72785B00F19E56 /* AppDelegate.h */ = {isa = PBXFileReference; lastKnownFileType = sourcecode.c.h; path = AppDelegate.h; sourceTree = "<group>"; };
		B22D7EA71D72785B00F19E56 /* AppDelegate.m */ = {isa = PBXFileReference; lastKnownFileType = sourcecode.c.objc; path = AppDelegate.m; sourceTree = "<group>"; };
		B22D7EB01D72785B00F19E56 /* Base */ = {isa = PBXFileReference; lastKnownFileType = file.storyboard; name = Base; path = Base.lproj/Main.storyboard; sourceTree = "<group>"; };
		B22D7EB21D72785B00F19E56 /* Assets.xcassets */ = {isa = PBXFileReference; lastKnownFileType = folder.assetcatalog; path = Assets.xcassets; sourceTree = "<group>"; };
		B22D7EB51D72785B00F19E56 /* Base */ = {isa = PBXFileReference; lastKnownFileType = file.storyboard; name = Base; path = Base.lproj/LaunchScreen.storyboard; sourceTree = "<group>"; };
		B22D7EB71D72785B00F19E56 /* Info.plist */ = {isa = PBXFileReference; lastKnownFileType = text.plist.xml; path = Info.plist; sourceTree = "<group>"; };
		B22D7EBD1D7278D500F19E56 /* adswitcher.json */ = {isa = PBXFileReference; fileEncoding = 4; lastKnownFileType = text.json; path = adswitcher.json; sourceTree = "<group>"; };
		B22D7EBE1D7278D500F19E56 /* BannerViewController.h */ = {isa = PBXFileReference; fileEncoding = 4; lastKnownFileType = sourcecode.c.h; path = BannerViewController.h; sourceTree = "<group>"; };
		B22D7EBF1D7278D500F19E56 /* BannerViewController.m */ = {isa = PBXFileReference; fileEncoding = 4; lastKnownFileType = sourcecode.c.objc; path = BannerViewController.m; sourceTree = "<group>"; };
		B22D7EC01D7278D500F19E56 /* InterstitialViewController.h */ = {isa = PBXFileReference; fileEncoding = 4; lastKnownFileType = sourcecode.c.h; path = InterstitialViewController.h; sourceTree = "<group>"; };
		B22D7EC11D7278D500F19E56 /* InterstitialViewController.m */ = {isa = PBXFileReference; fileEncoding = 4; lastKnownFileType = sourcecode.c.objc; path = InterstitialViewController.m; sourceTree = "<group>"; };
		B22D7ECB1D72797D00F19E56 /* BannerAdAdapter.h */ = {isa = PBXFileReference; fileEncoding = 4; lastKnownFileType = sourcecode.c.h; path = BannerAdAdapter.h; sourceTree = "<group>"; };
		B22D7ECC1D72797D00F19E56 /* InterstitialAdAdapter.h */ = {isa = PBXFileReference; fileEncoding = 4; lastKnownFileType = sourcecode.c.h; path = InterstitialAdAdapter.h; sourceTree = "<group>"; };
		B22D7ED41D72797D00F19E56 /* AdSwitcherConfig.h */ = {isa = PBXFileReference; fileEncoding = 4; lastKnownFileType = sourcecode.c.h; path = AdSwitcherConfig.h; sourceTree = "<group>"; };
		B22D7ED51D72797D00F19E56 /* AdSwitcherConfig.m */ = {isa = PBXFileReference; fileEncoding = 4; lastKnownFileType = sourcecode.c.objc; path = AdSwitcherConfig.m; sourceTree = "<group>"; };
		B22D7ED61D72797D00F19E56 /* AdSwitcherConfigLoader.h */ = {isa = PBXFileReference; fileEncoding = 4; lastKnownFileType = sourcecode.c.h; path = AdSwitcherConfigLoader.h; sourceTree = "<group>"; };
		B22D7ED71D72797D00F19E56 /* AdSwitcherConfigLoader.m */ = {isa = PBXFileReference; fileEncoding = 4; lastKnownFileType = sourcecode.c.objc; path = AdSwitcherConfigLoader.m; sourceTree = "<group>"; };
		B22D7ED91D72797D00F19E56 /* AdSwitcherInterstitial.h */ = {isa = PBXFileReference; fileEncoding = 4; lastKnownFileType = sourcecode.c.h; path = AdSwitcherInterstitial.h; sourceTree = "<group>"; };
		B22D7EDA1D72797D00F19E56 /* AdSwitcherInterstitial.m */ = {isa = PBXFileReference; fileEncoding = 4; lastKnownFileType = sourcecode.c.objc; path = AdSwitcherInterstitial.m; sourceTree = "<group>"; };
		B22D7EDB1D72797D00F19E56 /* Log.h */ = {isa = PBXFileReference; fileEncoding = 4; lastKnownFileType = sourcecode.c.h; path = Log.h; sourceTree = "<group>"; };
		B22D7F641D73059500F19E56 /* AdSwitcherBannerView.h */ = {isa = PBXFileReference; fileEncoding = 4; lastKnownFileType = sourcecode.c.h; path = AdSwitcherBannerView.h; sourceTree = "<group>"; };
		B22D7F651D73059500F19E56 /* AdSwitcherBannerView.m */ = {isa = PBXFileReference; fileEncoding = 4; lastKnownFileType = sourcecode.c.objc; path = AdSwitcherBannerView.m; sourceTree = "<group>"; };
		B22D7F6A1D73092D00F19E56 /* AdAdapter.h */ = {isa = PBXFileReference; fileEncoding = 4; lastKnownFileType = sourcecode.c.h; path = AdAdapter.h; sourceTree = "<group>"; };
		B22D7F6B1D731C0B00F19E56 /* AdSelector.h */ = {isa = PBXFileReference; fileEncoding = 4; lastKnownFileType = sourcecode.c.h; path = AdSelector.h; sourceTree = "<group>"; };
		B22D7F6C1D731C0B00F19E56 /* AdSelector.m */ = {isa = PBXFileReference; fileEncoding = 4; lastKnownFileType = sourcecode.c.objc; path = AdSelector.m; sourceTree = "<group>"; };
		B29555411DB84A2600FACF3D /* AdSwitcherNativeAdData.h */ = {isa = PBXFileReference; fileEncoding = 4; lastKnownFileType = sourcecode.c.h; path = AdSwitcherNativeAdData.h; sourceTree = "<group>"; };
		B29555421DB84A2600FACF3D /* AdSwitcherNativeAdData.m */ = {isa = PBXFileReference; fileEncoding = 4; lastKnownFileType = sourcecode.c.objc; path = AdSwitcherNativeAdData.m; sourceTree = "<group>"; };
		B29555441DB84EEB00FACF3D /* NativeViewController.h */ = {isa = PBXFileReference; fileEncoding = 4; lastKnownFileType = sourcecode.c.h; path = NativeViewController.h; sourceTree = "<group>"; };
		B29555451DB84EEB00FACF3D /* NativeViewController.m */ = {isa = PBXFileReference; fileEncoding = 4; lastKnownFileType = sourcecode.c.objc; path = NativeViewController.m; sourceTree = "<group>"; };
		B2E53E101DB7B3870077850F /* AdSwitcherNativeAd.h */ = {isa = PBXFileReference; fileEncoding = 4; lastKnownFileType = sourcecode.c.h; path = AdSwitcherNativeAd.h; sourceTree = "<group>"; };
		B2E53E111DB7B3870077850F /* AdSwitcherNativeAd.m */ = {isa = PBXFileReference; fileEncoding = 4; lastKnownFileType = sourcecode.c.objc; path = AdSwitcherNativeAd.m; sourceTree = "<group>"; };
		B2E53E131DB7B3E10077850F /* NativeAdAdapter.h */ = {isa = PBXFileReference; lastKnownFileType = sourcecode.c.h; path = NativeAdAdapter.h; sourceTree = "<group>"; };
		B2E53E151DB7B58F0077850F /* libNendAd.a */ = {isa = PBXFileReference; lastKnownFileType = archive.ar; path = libNendAd.a; sourceTree = "<group>"; };
		B2E53E161DB7B58F0077850F /* NADInterstitial.h */ = {isa = PBXFileReference; fileEncoding = 4; lastKnownFileType = sourcecode.c.h; path = NADInterstitial.h; sourceTree = "<group>"; };
		B2E53E171DB7B58F0077850F /* NADNative.h */ = {isa = PBXFileReference; fileEncoding = 4; lastKnownFileType = sourcecode.c.h; path = NADNative.h; sourceTree = "<group>"; };
		B2E53E181DB7B58F0077850F /* NADNativeClient.h */ = {isa = PBXFileReference; fileEncoding = 4; lastKnownFileType = sourcecode.c.h; path = NADNativeClient.h; sourceTree = "<group>"; };
		B2E53E191DB7B58F0077850F /* NADNativeError.h */ = {isa = PBXFileReference; fileEncoding = 4; lastKnownFileType = sourcecode.c.h; path = NADNativeError.h; sourceTree = "<group>"; };
		B2E53E1A1DB7B58F0077850F /* NADNativeImageView.h */ = {isa = PBXFileReference; fileEncoding = 4; lastKnownFileType = sourcecode.c.h; path = NADNativeImageView.h; sourceTree = "<group>"; };
		B2E53E1B1DB7B58F0077850F /* NADNativeLabel.h */ = {isa = PBXFileReference; fileEncoding = 4; lastKnownFileType = sourcecode.c.h; path = NADNativeLabel.h; sourceTree = "<group>"; };
		B2E53E1C1DB7B58F0077850F /* NADNativeLogger.h */ = {isa = PBXFileReference; fileEncoding = 4; lastKnownFileType = sourcecode.c.h; path = NADNativeLogger.h; sourceTree = "<group>"; };
		B2E53E1D1DB7B58F0077850F /* NADNativeTableViewHelper.h */ = {isa = PBXFileReference; fileEncoding = 4; lastKnownFileType = sourcecode.c.h; path = NADNativeTableViewHelper.h; sourceTree = "<group>"; };
		B2E53E1E1DB7B58F0077850F /* NADNativeTableViewPlacement.h */ = {isa = PBXFileReference; fileEncoding = 4; lastKnownFileType = sourcecode.c.h; path = NADNativeTableViewPlacement.h; sourceTree = "<group>"; };
		B2E53E1F1DB7B58F0077850F /* NADNativeViewRendering.h */ = {isa = PBXFileReference; fileEncoding = 4; lastKnownFileType = sourcecode.c.h; path = NADNativeViewRendering.h; sourceTree = "<group>"; };
		B2E53E201DB7B58F0077850F /* NADView.h */ = {isa = PBXFileReference; fileEncoding = 4; lastKnownFileType = sourcecode.c.h; path = NADView.h; sourceTree = "<group>"; };
		B2E53E211DB7B58F0077850F /* NADView_readme.txt */ = {isa = PBXFileReference; fileEncoding = 4; lastKnownFileType = text; path = NADView_readme.txt; sourceTree = "<group>"; };
		B2E53E221DB7B58F0077850F /* NendAd-Bridging-Header.h */ = {isa = PBXFileReference; fileEncoding = 4; lastKnownFileType = sourcecode.c.h; path = "NendAd-Bridging-Header.h"; sourceTree = "<group>"; };
		B2E53E261DB7BA3F0077850F /* libz.1.2.8.tbd */ = {isa = PBXFileReference; lastKnownFileType = "sourcecode.text-based-dylib-definition"; name = libz.1.2.8.tbd; path = usr/lib/libz.1.2.8.tbd; sourceTree = SDKROOT; };
/* End PBXFileReference section */

/* Begin PBXFrameworksBuildPhase section */
		B22D7E9D1D72785B00F19E56 /* Frameworks */ = {
			isa = PBXFrameworksBuildPhase;
			buildActionMask = 2147483647;
			files = (
				B2E53E271DB7BA3F0077850F /* libz.1.2.8.tbd in Frameworks */,
				B229CF311DA473F900C0BD31 /* GoogleMobileAds.framework in Frameworks */,
				B229CF2D1DA473F900C0BD31 /* AdColony.framework in Frameworks */,
				B229CF391DA473F900C0BD31 /* libAMoAd.a in Frameworks */,
				B2E53E231DB7B58F0077850F /* libNendAd.a in Frameworks */,
				B229CF3D1DA473F900C0BD31 /* FBAudienceNetwork.framework in Frameworks */,
				B229CF3F1DA473F900C0BD31 /* FiveAd.framework in Frameworks */,
				B229CF471DA473F900C0BD31 /* UnityAds.framework in Frameworks */,
				B229CF421DA473F900C0BD31 /* Maio.framework in Frameworks */,
				B229CF2F1DA473F900C0BD31 /* ADG.framework in Frameworks */,
				B229CF411DA473F900C0BD31 /* ImobileSdkAds.framework in Frameworks */,
				B229CF3B1DA473F900C0BD31 /* libAppLovinSdk.a in Frameworks */,
			);
			runOnlyForDeploymentPostprocessing = 0;
		};
/* End PBXFrameworksBuildPhase section */

/* Begin PBXGroup section */
		B229CEBB1DA473F800C0BD31 /* AdColonyAdapter */ = {
			isa = PBXGroup;
			children = (
				B229CEBC1DA473F800C0BD31 /* AdColonyAdapter.h */,
				B229CEBD1DA473F800C0BD31 /* AdColonyAdapter.m */,
				B229CEBE1DA473F800C0BD31 /* Libraries */,
			);
			path = AdColonyAdapter;
			sourceTree = "<group>";
		};
		B229CEBE1DA473F800C0BD31 /* Libraries */ = {
			isa = PBXGroup;
			children = (
				B229CEBF1DA473F800C0BD31 /* AdColony.framework */,
			);
			path = Libraries;
			sourceTree = "<group>";
		};
		B229CEC01DA473F900C0BD31 /* AdGenerationAdapter */ = {
			isa = PBXGroup;
			children = (
				B229CEC11DA473F900C0BD31 /* AdGenerationAdapter.h */,
				B229CEC21DA473F900C0BD31 /* AdGenerationAdapter.m */,
				B229CEC31DA473F900C0BD31 /* Libraries */,
			);
			path = AdGenerationAdapter;
			sourceTree = "<group>";
		};
		B229CEC31DA473F900C0BD31 /* Libraries */ = {
			isa = PBXGroup;
			children = (
				B229CEC41DA473F900C0BD31 /* ADG.framework */,
			);
			path = Libraries;
			sourceTree = "<group>";
		};
		B229CEC51DA473F900C0BD31 /* AdMobAdapter */ = {
			isa = PBXGroup;
			children = (
				B229CEC61DA473F900C0BD31 /* AdMobAdapter.h */,
				B229CEC71DA473F900C0BD31 /* AdMobAdapter.m */,
				B229CEC81DA473F900C0BD31 /* Libraries */,
			);
			path = AdMobAdapter;
			sourceTree = "<group>";
		};
		B229CEC81DA473F900C0BD31 /* Libraries */ = {
			isa = PBXGroup;
			children = (
				B229CEC91DA473F900C0BD31 /* GoogleMobileAds.framework */,
			);
			path = Libraries;
			sourceTree = "<group>";
		};
		B229CECA1DA473F900C0BD31 /* AMoAdAdapter */ = {
			isa = PBXGroup;
			children = (
				B229CECB1DA473F900C0BD31 /* AMoAdAdapter.h */,
				B229CECC1DA473F900C0BD31 /* AMoAdAdapter.m */,
				B229CECD1DA473F900C0BD31 /* Libraries */,
			);
			path = AMoAdAdapter;
			sourceTree = "<group>";
		};
		B229CECD1DA473F900C0BD31 /* Libraries */ = {
			isa = PBXGroup;
			children = (
				B229CECE1DA473F900C0BD31 /* AMoAd.h */,
				B229CECF1DA473F900C0BD31 /* amoad_close_btn.png */,
				B229CED01DA473F900C0BD31 /* amoad_close_btn_h.png */,
				B229CED11DA473F900C0BD31 /* amoad_link_btn.png */,
				B229CED21DA473F900C0BD31 /* amoad_link_btn_h.png */,
				B229CED31DA473F900C0BD31 /* amoad_panel.png */,
				B229CED41DA473F900C0BD31 /* amoad_panel_l.png */,
				B229CED51DA473F900C0BD31 /* AMoAdAnalytics.h */,
				B229CED61DA473F900C0BD31 /* AMoAdInfeed.h */,
				B229CED71DA473F900C0BD31 /* AMoAdInterstitial.h */,
				B229CED81DA473F900C0BD31 /* AMoAdItem.h */,
				B229CED91DA473F900C0BD31 /* AMoAdList.h */,
				B229CEDA1DA473F900C0BD31 /* AMoAdLogger.h */,
				B229CEDB1DA473F900C0BD31 /* AMoAdNativePreRoll.h */,
				B229CEDC1DA473F900C0BD31 /* AMoAdNativeView.h */,
				B229CEDD1DA473F900C0BD31 /* AMoAdView.h */,
				B229CEDE1DA473F900C0BD31 /* AMoAdWeb.h */,
				B229CEDF1DA473F900C0BD31 /* libAMoAd.a */,
			);
			path = Libraries;
			sourceTree = "<group>";
		};
		B229CEE01DA473F900C0BD31 /* AppLovinAdapter */ = {
			isa = PBXGroup;
			children = (
				B229CEE11DA473F900C0BD31 /* AppLovinAdapter.h */,
				B229CEE21DA473F900C0BD31 /* AppLovinAdapter.m */,
				B229CEE31DA473F900C0BD31 /* Libraries */,
			);
			path = AppLovinAdapter;
			sourceTree = "<group>";
		};
		B229CEE31DA473F900C0BD31 /* Libraries */ = {
			isa = PBXGroup;
			children = (
				B229CEE41DA473F900C0BD31 /* headers */,
				B229CEFF1DA473F900C0BD31 /* libAppLovinSdk.a */,
			);
			path = Libraries;
			sourceTree = "<group>";
		};
		B229CEE41DA473F900C0BD31 /* headers */ = {
			isa = PBXGroup;
			children = (
				B229CEE51DA473F900C0BD31 /* ALAd.h */,
				B229CEE61DA473F900C0BD31 /* ALAdDisplayDelegate.h */,
				B229CEE71DA473F900C0BD31 /* ALAdLoadDelegate.h */,
				B229CEE81DA473F900C0BD31 /* ALAdRewardDelegate.h */,
				B229CEE91DA473F900C0BD31 /* ALAdService.h */,
				B229CEEA1DA473F900C0BD31 /* ALAdSize.h */,
				B229CEEB1DA473F900C0BD31 /* ALAdType.h */,
				B229CEEC1DA473F900C0BD31 /* ALAdUpdateDelegate.h */,
				B229CEED1DA473F900C0BD31 /* ALAdVideoPlaybackDelegate.h */,
				B229CEEE1DA473F900C0BD31 /* ALAdView.h */,
				B229CEEF1DA473F900C0BD31 /* ALAnnotations.h */,
				B229CEF01DA473F900C0BD31 /* ALErrorCodes.h */,
				B229CEF11DA473F900C0BD31 /* ALEventService.h */,
				B229CEF21DA473F900C0BD31 /* ALEventTypes.h */,
				B229CEF31DA473F900C0BD31 /* ALIncentivizedInterstitialAd.h */,
				B229CEF41DA473F900C0BD31 /* ALInterstitialAd.h */,
				B229CEF51DA473F900C0BD31 /* ALNativeAd.h */,
				B229CEF61DA473F900C0BD31 /* ALNativeAdLoadDelegate.h */,
				B229CEF71DA473F900C0BD31 /* ALNativeAdPrecacheDelegate.h */,
				B229CEF81DA473F900C0BD31 /* ALNativeAdService.h */,
				B229CEF91DA473F900C0BD31 /* ALPostbackDelegate.h */,
				B229CEFA1DA473F900C0BD31 /* ALPostbackService.h */,
				B229CEFB1DA473F900C0BD31 /* ALSdk.h */,
				B229CEFC1DA473F900C0BD31 /* ALSdkSettings.h */,
				B229CEFD1DA473F900C0BD31 /* ALSwiftHeaders.h */,
				B229CEFE1DA473F900C0BD31 /* ALTargetingData.h */,
			);
			path = headers;
			sourceTree = "<group>";
		};
		B229CF001DA473F900C0BD31 /* FacebookAdapter */ = {
			isa = PBXGroup;
			children = (
				B229CF011DA473F900C0BD31 /* FacebookAdapter.h */,
				B229CF021DA473F900C0BD31 /* FacebookAdapter.m */,
				B229CF031DA473F900C0BD31 /* Libraries */,
			);
			path = FacebookAdapter;
			sourceTree = "<group>";
		};
		B229CF031DA473F900C0BD31 /* Libraries */ = {
			isa = PBXGroup;
			children = (
				B229CF041DA473F900C0BD31 /* FBAudienceNetwork.framework */,
			);
			path = Libraries;
			sourceTree = "<group>";
		};
		B229CF051DA473F900C0BD31 /* FiveAdapter */ = {
			isa = PBXGroup;
			children = (
				B229CF061DA473F900C0BD31 /* FiveAdapter.h */,
				B229CF071DA473F900C0BD31 /* FiveAdapter.m */,
				B229CF081DA473F900C0BD31 /* Libraries */,
			);
			path = FiveAdapter;
			sourceTree = "<group>";
		};
		B229CF081DA473F900C0BD31 /* Libraries */ = {
			isa = PBXGroup;
			children = (
				B229CF091DA473F900C0BD31 /* FiveAd.framework */,
			);
			path = Libraries;
			sourceTree = "<group>";
		};
		B229CF0A1DA473F900C0BD31 /* IMobileAdapter */ = {
			isa = PBXGroup;
			children = (
				B229CF0B1DA473F900C0BD31 /* IMobileAdapter.h */,
				B229CF0C1DA473F900C0BD31 /* IMobileAdapter.m */,
				B229CF0D1DA473F900C0BD31 /* Libraries */,
			);
			path = IMobileAdapter;
			sourceTree = "<group>";
		};
		B229CF0D1DA473F900C0BD31 /* Libraries */ = {
			isa = PBXGroup;
			children = (
				B229CF0E1DA473F900C0BD31 /* ImobileSdkAds.framework */,
			);
			path = Libraries;
			sourceTree = "<group>";
		};
		B229CF0F1DA473F900C0BD31 /* MaioAdapter */ = {
			isa = PBXGroup;
			children = (
				B229CF101DA473F900C0BD31 /* Libraries */,
				B229CF121DA473F900C0BD31 /* MaioAdapter.h */,
				B229CF131DA473F900C0BD31 /* MaioAdapter.m */,
			);
			path = MaioAdapter;
			sourceTree = "<group>";
		};
		B229CF101DA473F900C0BD31 /* Libraries */ = {
			isa = PBXGroup;
			children = (
				B229CF111DA473F900C0BD31 /* Maio.framework */,
			);
			path = Libraries;
			sourceTree = "<group>";
		};
		B229CF141DA473F900C0BD31 /* NendAdapter */ = {
			isa = PBXGroup;
			children = (
				B229CF151DA473F900C0BD31 /* Libraries */,
				B229CF251DA473F900C0BD31 /* NendAdapter.h */,
				B229CF261DA473F900C0BD31 /* NendAdapter.m */,
			);
			path = NendAdapter;
			sourceTree = "<group>";
		};
		B229CF151DA473F900C0BD31 /* Libraries */ = {
			isa = PBXGroup;
			children = (
				B2E53E141DB7B58F0077850F /* NendAd */,
				B2E53E221DB7B58F0077850F /* NendAd-Bridging-Header.h */,
			);
			path = Libraries;
			sourceTree = "<group>";
		};
		B229CF271DA473F900C0BD31 /* UnityAdsAdapter */ = {
			isa = PBXGroup;
			children = (
				B229CF281DA473F900C0BD31 /* Libraries */,
				B229CF2A1DA473F900C0BD31 /* UnityAdsAdapter.h */,
				B229CF2B1DA473F900C0BD31 /* UnityAdsAdapter.m */,
			);
			path = UnityAdsAdapter;
			sourceTree = "<group>";
		};
		B229CF281DA473F900C0BD31 /* Libraries */ = {
			isa = PBXGroup;
			children = (
				B229CF291DA473F900C0BD31 /* UnityAds.framework */,
			);
			path = Libraries;
			sourceTree = "<group>";
		};
		B22D7E971D72785B00F19E56 = {
			isa = PBXGroup;
			children = (
				B22D7EA21D72785B00F19E56 /* AdSwitcher */,
				B22D7EA11D72785B00F19E56 /* Products */,
				B2E53E251DB7BA3E0077850F /* Frameworks */,
			);
			sourceTree = "<group>";
		};
		B22D7EA11D72785B00F19E56 /* Products */ = {
			isa = PBXGroup;
			children = (
				B22D7EA01D72785B00F19E56 /* AdSwitcher.app */,
			);
			name = Products;
			sourceTree = "<group>";
		};
		B22D7EA21D72785B00F19E56 /* AdSwitcher */ = {
			isa = PBXGroup;
			children = (
				B22D7EE81D72BDD000F19E56 /* Adapters */,
				B22D7EC81D72797D00F19E56 /* AdSwitcher */,
				B22D7EBD1D7278D500F19E56 /* adswitcher.json */,
				B22D7EBE1D7278D500F19E56 /* BannerViewController.h */,
				B22D7EBF1D7278D500F19E56 /* BannerViewController.m */,
				B22D7EC01D7278D500F19E56 /* InterstitialViewController.h */,
				B22D7EC11D7278D500F19E56 /* InterstitialViewController.m */,
				B21907F51D788CCF00DF3A5C /* VideoViewController.h */,
				B21907F61D788CCF00DF3A5C /* VideoViewController.m */,
				B29555441DB84EEB00FACF3D /* NativeViewController.h */,
				B29555451DB84EEB00FACF3D /* NativeViewController.m */,
				B22D7EA61D72785B00F19E56 /* AppDelegate.h */,
				B22D7EA71D72785B00F19E56 /* AppDelegate.m */,
				B22D7EAF1D72785B00F19E56 /* Main.storyboard */,
				B22D7EB21D72785B00F19E56 /* Assets.xcassets */,
				B22D7EB41D72785B00F19E56 /* LaunchScreen.storyboard */,
				B22D7EB71D72785B00F19E56 /* Info.plist */,
				B22D7EA31D72785B00F19E56 /* Supporting Files */,
			);
			path = AdSwitcher;
			sourceTree = "<group>";
		};
		B22D7EA31D72785B00F19E56 /* Supporting Files */ = {
			isa = PBXGroup;
			children = (
				B22D7EA41D72785B00F19E56 /* main.m */,
			);
			name = "Supporting Files";
			sourceTree = "<group>";
		};
		B22D7EC81D72797D00F19E56 /* AdSwitcher */ = {
			isa = PBXGroup;
			children = (
				B22D7EC91D72797D00F19E56 /* Adapter */,
				B22D7ED31D72797D00F19E56 /* Config */,
				B22D7ED91D72797D00F19E56 /* AdSwitcherInterstitial.h */,
				B22D7EDA1D72797D00F19E56 /* AdSwitcherInterstitial.m */,
				B22D7F641D73059500F19E56 /* AdSwitcherBannerView.h */,
				B22D7F651D73059500F19E56 /* AdSwitcherBannerView.m */,
				B2E53E101DB7B3870077850F /* AdSwitcherNativeAd.h */,
				B2E53E111DB7B3870077850F /* AdSwitcherNativeAd.m */,
				B29555411DB84A2600FACF3D /* AdSwitcherNativeAdData.h */,
				B29555421DB84A2600FACF3D /* AdSwitcherNativeAdData.m */,
				B22D7F6B1D731C0B00F19E56 /* AdSelector.h */,
				B22D7F6C1D731C0B00F19E56 /* AdSelector.m */,
				B22D7EDB1D72797D00F19E56 /* Log.h */,
			);
			path = AdSwitcher;
			sourceTree = "<group>";
		};
		B22D7EC91D72797D00F19E56 /* Adapter */ = {
			isa = PBXGroup;
			children = (
				B22D7F6A1D73092D00F19E56 /* AdAdapter.h */,
				B22D7ECB1D72797D00F19E56 /* BannerAdAdapter.h */,
				B22D7ECC1D72797D00F19E56 /* InterstitialAdAdapter.h */,
				B2E53E131DB7B3E10077850F /* NativeAdAdapter.h */,
			);
			path = Adapter;
			sourceTree = "<group>";
		};
		B22D7ED31D72797D00F19E56 /* Config */ = {
			isa = PBXGroup;
			children = (
				B22D7ED41D72797D00F19E56 /* AdSwitcherConfig.h */,
				B22D7ED51D72797D00F19E56 /* AdSwitcherConfig.m */,
				B22D7ED61D72797D00F19E56 /* AdSwitcherConfigLoader.h */,
				B22D7ED71D72797D00F19E56 /* AdSwitcherConfigLoader.m */,
			);
			path = Config;
			sourceTree = "<group>";
		};
		B22D7EE81D72BDD000F19E56 /* Adapters */ = {
			isa = PBXGroup;
			children = (
				B229CEBB1DA473F800C0BD31 /* AdColonyAdapter */,
				B229CEC01DA473F900C0BD31 /* AdGenerationAdapter */,
				B229CEC51DA473F900C0BD31 /* AdMobAdapter */,
				B229CECA1DA473F900C0BD31 /* AMoAdAdapter */,
				B229CEE01DA473F900C0BD31 /* AppLovinAdapter */,
				B229CF001DA473F900C0BD31 /* FacebookAdapter */,
				B229CF051DA473F900C0BD31 /* FiveAdapter */,
				B229CF0A1DA473F900C0BD31 /* IMobileAdapter */,
				B229CF0F1DA473F900C0BD31 /* MaioAdapter */,
				B229CF141DA473F900C0BD31 /* NendAdapter */,
				B229CF271DA473F900C0BD31 /* UnityAdsAdapter */,
			);
			path = Adapters;
			sourceTree = "<group>";
		};
		B2E53E141DB7B58F0077850F /* NendAd */ = {
			isa = PBXGroup;
			children = (
				B2E53E151DB7B58F0077850F /* libNendAd.a */,
				B2E53E161DB7B58F0077850F /* NADInterstitial.h */,
				B2E53E171DB7B58F0077850F /* NADNative.h */,
				B2E53E181DB7B58F0077850F /* NADNativeClient.h */,
				B2E53E191DB7B58F0077850F /* NADNativeError.h */,
				B2E53E1A1DB7B58F0077850F /* NADNativeImageView.h */,
				B2E53E1B1DB7B58F0077850F /* NADNativeLabel.h */,
				B2E53E1C1DB7B58F0077850F /* NADNativeLogger.h */,
				B2E53E1D1DB7B58F0077850F /* NADNativeTableViewHelper.h */,
				B2E53E1E1DB7B58F0077850F /* NADNativeTableViewPlacement.h */,
				B2E53E1F1DB7B58F0077850F /* NADNativeViewRendering.h */,
				B2E53E201DB7B58F0077850F /* NADView.h */,
				B2E53E211DB7B58F0077850F /* NADView_readme.txt */,
			);
			path = NendAd;
			sourceTree = "<group>";
		};
		B2E53E251DB7BA3E0077850F /* Frameworks */ = {
			isa = PBXGroup;
			children = (
				B2E53E261DB7BA3F0077850F /* libz.1.2.8.tbd */,
			);
			name = Frameworks;
			sourceTree = "<group>";
		};
/* End PBXGroup section */

/* Begin PBXNativeTarget section */
		B22D7E9F1D72785B00F19E56 /* AdSwitcher */ = {
			isa = PBXNativeTarget;
			buildConfigurationList = B22D7EBA1D72785B00F19E56 /* Build configuration list for PBXNativeTarget "AdSwitcher" */;
			buildPhases = (
				B22D7E9C1D72785B00F19E56 /* Sources */,
				B22D7E9D1D72785B00F19E56 /* Frameworks */,
				B22D7E9E1D72785B00F19E56 /* Resources */,
			);
			buildRules = (
			);
			dependencies = (
			);
			name = AdSwitcher;
			productName = AdSwitcher;
			productReference = B22D7EA01D72785B00F19E56 /* AdSwitcher.app */;
			productType = "com.apple.product-type.application";
		};
/* End PBXNativeTarget section */

/* Begin PBXProject section */
		B22D7E981D72785B00F19E56 /* Project object */ = {
			isa = PBXProject;
			attributes = {
				LastUpgradeCheck = 0730;
				ORGANIZATIONNAME = adwitcher;
				TargetAttributes = {
					B22D7E9F1D72785B00F19E56 = {
						CreatedOnToolsVersion = 7.3.1;
					};
				};
			};
			buildConfigurationList = B22D7E9B1D72785B00F19E56 /* Build configuration list for PBXProject "AdSwitcher" */;
			compatibilityVersion = "Xcode 3.2";
			developmentRegion = English;
			hasScannedForEncodings = 0;
			knownRegions = (
				en,
				Base,
			);
			mainGroup = B22D7E971D72785B00F19E56;
			productRefGroup = B22D7EA11D72785B00F19E56 /* Products */;
			projectDirPath = "";
			projectRoot = "";
			targets = (
				B22D7E9F1D72785B00F19E56 /* AdSwitcher */,
			);
		};
/* End PBXProject section */

/* Begin PBXResourcesBuildPhase section */
		B22D7E9E1D72785B00F19E56 /* Resources */ = {
			isa = PBXResourcesBuildPhase;
			buildActionMask = 2147483647;
			files = (
				B229CF361DA473F900C0BD31 /* amoad_link_btn_h.png in Resources */,
				B22D7EB61D72785B00F19E56 /* LaunchScreen.storyboard in Resources */,
				B22D7EC41D7278D500F19E56 /* adswitcher.json in Resources */,
				B229CF331DA473F900C0BD31 /* amoad_close_btn.png in Resources */,
				B229CF341DA473F900C0BD31 /* amoad_close_btn_h.png in Resources */,
				B22D7EB31D72785B00F19E56 /* Assets.xcassets in Resources */,
				B229CF381DA473F900C0BD31 /* amoad_panel_l.png in Resources */,
				B22D7EB11D72785B00F19E56 /* Main.storyboard in Resources */,
				B229CF371DA473F900C0BD31 /* amoad_panel.png in Resources */,
				B2E53E241DB7B58F0077850F /* NADView_readme.txt in Resources */,
				B229CF351DA473F900C0BD31 /* amoad_link_btn.png in Resources */,
			);
			runOnlyForDeploymentPostprocessing = 0;
		};
/* End PBXResourcesBuildPhase section */

/* Begin PBXSourcesBuildPhase section */
		B22D7E9C1D72785B00F19E56 /* Sources */ = {
			isa = PBXSourcesBuildPhase;
			buildActionMask = 2147483647;
			files = (
				B22D7EE31D72797D00F19E56 /* AdSwitcherInterstitial.m in Sources */,
				B22D7EE01D72797D00F19E56 /* AdSwitcherConfig.m in Sources */,
				B229CF3E1DA473F900C0BD31 /* FiveAdapter.m in Sources */,
				B229CF2E1DA473F900C0BD31 /* AdGenerationAdapter.m in Sources */,
				B229CF481DA473F900C0BD31 /* UnityAdsAdapter.m in Sources */,
				B22D7F6D1D731C0B00F19E56 /* AdSelector.m in Sources */,
				B229CF431DA473F900C0BD31 /* MaioAdapter.m in Sources */,
				B29555431DB84A2600FACF3D /* AdSwitcherNativeAdData.m in Sources */,
				B22D7F661D73059500F19E56 /* AdSwitcherBannerView.m in Sources */,
				B22D7EA81D72785B00F19E56 /* AppDelegate.m in Sources */,
				B22D7EE11D72797D00F19E56 /* AdSwitcherConfigLoader.m in Sources */,
				B229CF3C1DA473F900C0BD31 /* FacebookAdapter.m in Sources */,
				B22D7EA51D72785B00F19E56 /* main.m in Sources */,
				B22D7EC61D7278D500F19E56 /* InterstitialViewController.m in Sources */,
				B229CF2C1DA473F900C0BD31 /* AdColonyAdapter.m in Sources */,
				B229CF321DA473F900C0BD31 /* AMoAdAdapter.m in Sources */,
				B2E53E121DB7B3870077850F /* AdSwitcherNativeAd.m in Sources */,
				B229CF461DA473F900C0BD31 /* NendAdapter.m in Sources */,
				B229CF401DA473F900C0BD31 /* IMobileAdapter.m in Sources */,
				B229CF301DA473F900C0BD31 /* AdMobAdapter.m in Sources */,
				B21907F71D788CCF00DF3A5C /* VideoViewController.m in Sources */,
				B22D7EC51D7278D500F19E56 /* BannerViewController.m in Sources */,
				B229CF3A1DA473F900C0BD31 /* AppLovinAdapter.m in Sources */,
				B29555461DB84EEB00FACF3D /* NativeViewController.m in Sources */,
			);
			runOnlyForDeploymentPostprocessing = 0;
		};
/* End PBXSourcesBuildPhase section */

/* Begin PBXVariantGroup section */
		B22D7EAF1D72785B00F19E56 /* Main.storyboard */ = {
			isa = PBXVariantGroup;
			children = (
				B22D7EB01D72785B00F19E56 /* Base */,
			);
			name = Main.storyboard;
			sourceTree = "<group>";
		};
		B22D7EB41D72785B00F19E56 /* LaunchScreen.storyboard */ = {
			isa = PBXVariantGroup;
			children = (
				B22D7EB51D72785B00F19E56 /* Base */,
			);
			name = LaunchScreen.storyboard;
			sourceTree = "<group>";
		};
/* End PBXVariantGroup section */

/* Begin XCBuildConfiguration section */
		B22D7EB81D72785B00F19E56 /* Debug */ = {
			isa = XCBuildConfiguration;
			buildSettings = {
				ALWAYS_SEARCH_USER_PATHS = NO;
				CLANG_ANALYZER_NONNULL = YES;
				CLANG_CXX_LANGUAGE_STANDARD = "gnu++0x";
				CLANG_CXX_LIBRARY = "libc++";
				CLANG_ENABLE_MODULES = YES;
				CLANG_ENABLE_OBJC_ARC = YES;
				CLANG_WARN_BOOL_CONVERSION = YES;
				CLANG_WARN_CONSTANT_CONVERSION = YES;
				CLANG_WARN_DIRECT_OBJC_ISA_USAGE = YES_ERROR;
				CLANG_WARN_EMPTY_BODY = YES;
				CLANG_WARN_ENUM_CONVERSION = YES;
				CLANG_WARN_INT_CONVERSION = YES;
				CLANG_WARN_OBJC_ROOT_CLASS = YES_ERROR;
				CLANG_WARN_UNREACHABLE_CODE = YES;
				CLANG_WARN__DUPLICATE_METHOD_MATCH = YES;
				"CODE_SIGN_IDENTITY[sdk=iphoneos*]" = "iPhone Developer";
				COPY_PHASE_STRIP = NO;
				DEBUG_INFORMATION_FORMAT = dwarf;
				ENABLE_STRICT_OBJC_MSGSEND = YES;
				ENABLE_TESTABILITY = YES;
				GCC_C_LANGUAGE_STANDARD = gnu99;
				GCC_DYNAMIC_NO_PIC = NO;
				GCC_NO_COMMON_BLOCKS = YES;
				GCC_OPTIMIZATION_LEVEL = 0;
				GCC_PREPROCESSOR_DEFINITIONS = (
					"DEBUG=1",
					"$(inherited)",
				);
				GCC_WARN_64_TO_32_BIT_CONVERSION = YES;
				GCC_WARN_ABOUT_RETURN_TYPE = YES_ERROR;
				GCC_WARN_UNDECLARED_SELECTOR = YES;
				GCC_WARN_UNINITIALIZED_AUTOS = YES_AGGRESSIVE;
				GCC_WARN_UNUSED_FUNCTION = YES;
				GCC_WARN_UNUSED_VARIABLE = YES;
				IPHONEOS_DEPLOYMENT_TARGET = 9.3;
				MTL_ENABLE_DEBUG_INFO = YES;
				ONLY_ACTIVE_ARCH = YES;
				SDKROOT = iphoneos;
				TARGETED_DEVICE_FAMILY = "1,2";
			};
			name = Debug;
		};
		B22D7EB91D72785B00F19E56 /* Release */ = {
			isa = XCBuildConfiguration;
			buildSettings = {
				ALWAYS_SEARCH_USER_PATHS = NO;
				CLANG_ANALYZER_NONNULL = YES;
				CLANG_CXX_LANGUAGE_STANDARD = "gnu++0x";
				CLANG_CXX_LIBRARY = "libc++";
				CLANG_ENABLE_MODULES = YES;
				CLANG_ENABLE_OBJC_ARC = YES;
				CLANG_WARN_BOOL_CONVERSION = YES;
				CLANG_WARN_CONSTANT_CONVERSION = YES;
				CLANG_WARN_DIRECT_OBJC_ISA_USAGE = YES_ERROR;
				CLANG_WARN_EMPTY_BODY = YES;
				CLANG_WARN_ENUM_CONVERSION = YES;
				CLANG_WARN_INT_CONVERSION = YES;
				CLANG_WARN_OBJC_ROOT_CLASS = YES_ERROR;
				CLANG_WARN_UNREACHABLE_CODE = YES;
				CLANG_WARN__DUPLICATE_METHOD_MATCH = YES;
				"CODE_SIGN_IDENTITY[sdk=iphoneos*]" = "iPhone Developer";
				COPY_PHASE_STRIP = NO;
				DEBUG_INFORMATION_FORMAT = "dwarf-with-dsym";
				ENABLE_NS_ASSERTIONS = NO;
				ENABLE_STRICT_OBJC_MSGSEND = YES;
				GCC_C_LANGUAGE_STANDARD = gnu99;
				GCC_NO_COMMON_BLOCKS = YES;
				GCC_WARN_64_TO_32_BIT_CONVERSION = YES;
				GCC_WARN_ABOUT_RETURN_TYPE = YES_ERROR;
				GCC_WARN_UNDECLARED_SELECTOR = YES;
				GCC_WARN_UNINITIALIZED_AUTOS = YES_AGGRESSIVE;
				GCC_WARN_UNUSED_FUNCTION = YES;
				GCC_WARN_UNUSED_VARIABLE = YES;
				IPHONEOS_DEPLOYMENT_TARGET = 9.3;
				MTL_ENABLE_DEBUG_INFO = NO;
				SDKROOT = iphoneos;
				TARGETED_DEVICE_FAMILY = "1,2";
				VALIDATE_PRODUCT = YES;
			};
			name = Release;
		};
		B22D7EBB1D72785B00F19E56 /* Debug */ = {
			isa = XCBuildConfiguration;
			buildSettings = {
				ASSETCATALOG_COMPILER_APPICON_NAME = AppIcon;
				ENABLE_BITCODE = NO;
				FRAMEWORK_SEARCH_PATHS = (
					"$(inherited)",
					"$(PROJECT_DIR)/AdSwitcher/Adapters/AdMobAdapter/Libraries",
					"$(PROJECT_DIR)/AdSwitcher/Adapters/AdColonyAdapter/Libraries",
					"$(PROJECT_DIR)/AdSwitcher/Adapters/AdGenerationAdapter/Libraries",
					"$(PROJECT_DIR)/AdSwitcher/Adapters/FacebookAdapter/Libraries",
					"$(PROJECT_DIR)/AdSwitcher/Adapters/FiveAdapter/Libraries",
					"$(PROJECT_DIR)/AdSwitcher/Adapters/IMobileAdapter/Libraries",
					"$(PROJECT_DIR)/AdSwitcher/Adapters/MaioAdapter/Libraries",
					"$(PROJECT_DIR)/AdSwitcher/Adapters/UnityAdsAdapter/Libraries",
				);
				INFOPLIST_FILE = AdSwitcher/Info.plist;
				LD_RUNPATH_SEARCH_PATHS = "$(inherited) @executable_path/Frameworks";
				LIBRARY_SEARCH_PATHS = (
					"$(inherited)",
					"$(PROJECT_DIR)/AdSwitcher/Adapters/NendAdapter/Libraries/NendAd",
					"$(PROJECT_DIR)/AdSwitcher/Adapters/AMoAdAdapter/Libraries",
					"$(PROJECT_DIR)/AdSwitcher/Adapters/AppLovinAdapter/Libraries",
				);
				OTHER_LDFLAGS = "-ObjC";
				PRODUCT_BUNDLE_IDENTIFIER = net.adswitcher.AdSwitcher;
				PRODUCT_NAME = "$(TARGET_NAME)";
			};
			name = Debug;
		};
		B22D7EBC1D72785B00F19E56 /* Release */ = {
			isa = XCBuildConfiguration;
			buildSettings = {
				ASSETCATALOG_COMPILER_APPICON_NAME = AppIcon;
				ENABLE_BITCODE = NO;
				FRAMEWORK_SEARCH_PATHS = (
					"$(inherited)",
					"$(PROJECT_DIR)/AdSwitcher/Adapters/AdMobAdapter/Libraries",
					"$(PROJECT_DIR)/AdSwitcher/Adapters/AdColonyAdapter/Libraries",
					"$(PROJECT_DIR)/AdSwitcher/Adapters/AdGenerationAdapter/Libraries",
					"$(PROJECT_DIR)/AdSwitcher/Adapters/FacebookAdapter/Libraries",
					"$(PROJECT_DIR)/AdSwitcher/Adapters/FiveAdapter/Libraries",
					"$(PROJECT_DIR)/AdSwitcher/Adapters/IMobileAdapter/Libraries",
					"$(PROJECT_DIR)/AdSwitcher/Adapters/MaioAdapter/Libraries",
					"$(PROJECT_DIR)/AdSwitcher/Adapters/UnityAdsAdapter/Libraries",
				);
				INFOPLIST_FILE = AdSwitcher/Info.plist;
				LD_RUNPATH_SEARCH_PATHS = "$(inherited) @executable_path/Frameworks";
				LIBRARY_SEARCH_PATHS = (
					"$(inherited)",
					"$(PROJECT_DIR)/AdSwitcher/Adapters/NendAdapter/Libraries/NendAd",
					"$(PROJECT_DIR)/AdSwitcher/Adapters/AMoAdAdapter/Libraries",
					"$(PROJECT_DIR)/AdSwitcher/Adapters/AppLovinAdapter/Libraries",
				);
				OTHER_LDFLAGS = "-ObjC";
				PRODUCT_BUNDLE_IDENTIFIER = net.adswitcher.AdSwitcher;
				PRODUCT_NAME = "$(TARGET_NAME)";
			};
			name = Release;
		};
/* End XCBuildConfiguration section */

/* Begin XCConfigurationList section */
		B22D7E9B1D72785B00F19E56 /* Build configuration list for PBXProject "AdSwitcher" */ = {
			isa = XCConfigurationList;
			buildConfigurations = (
				B22D7EB81D72785B00F19E56 /* Debug */,
				B22D7EB91D72785B00F19E56 /* Release */,
			);
			defaultConfigurationIsVisible = 0;
			defaultConfigurationName = Release;
		};
		B22D7EBA1D72785B00F19E56 /* Build configuration list for PBXNativeTarget "AdSwitcher" */ = {
			isa = XCConfigurationList;
			buildConfigurations = (
				B22D7EBB1D72785B00F19E56 /* Debug */,
				B22D7EBC1D72785B00F19E56 /* Release */,
			);
			defaultConfigurationIsVisible = 0;
			defaultConfigurationName = Release;
		};
/* End XCConfigurationList section */
	};
	rootObject = B22D7E981D72785B00F19E56 /* Project object */;
}
